
Microsoft Visual Studio Solution File, Format Version 12.00
# Visual Studio Version 16
VisualStudioVersion = 16.0.30002.166
MinimumVisualStudioVersion = 10.0.40219.1
Project("{FAE04EC0-301F-11D3-BF4B-00C04F79EFBC}") = "Test_Api", "Test_Api.csproj", "{65AD2DEB-5FB3-48E4-815B-811B710728AD}"
EndProject
Global
	GlobalSection(SolutionConfigurationPlatforms) = preSolution
		Debug|Any CPU = Debug|Any CPU
		Release|Any CPU = Release|Any CPU
	EndGlobalSection
	GlobalSection(ProjectConfigurationPlatforms) = postSolution
		{65AD2DEB-5FB3-48E4-815B-811B710728AD}.Debug|Any CPU.ActiveCfg = Debug|Any CPU
		{65AD2DEB-5FB3-48E4-815B-811B710728AD}.Debug|Any CPU.Build.0 = Debug|Any CPU
		{65AD2DEB-5FB3-48E4-815B-811B710728AD}.Release|Any CPU.ActiveCfg = Release|Any CPU
		{65AD2DEB-5FB3-48E4-815B-811B710728AD}.Release|Any CPU.Build.0 = Release|Any CPU
	EndGlobalSection
	GlobalSection(SolutionProperties) = preSolution
		HideSolutionNode = FALSE
	EndGlobalSection
	GlobalSection(ExtensibilityGlobals) = postSolution
		SolutionGuid = {4DF6CEFE-286F-43A0-8746-3C6C900DB736}
	EndGlobalSection
EndGlobal
